
Microsoft Visual Studio Solution File, Format Version 12.00
# Visual Studio 15
VisualStudioVersion = 15.0.27703.2035
MinimumVisualStudioVersion = 10.0.40219.1
Project("{FAE04EC0-301F-11D3-BF4B-00C04F79EFBC}") = "Structs opg 3-4", "Structs opg 3-4\Structs opg 3-4.csproj", "{9CE92D55-BD70-485E-9914-2F82309E4AEF}"
EndProject
Global
	GlobalSection(SolutionConfigurationPlatforms) = preSolution
		Debug|Any CPU = Debug|Any CPU
		Release|Any CPU = Release|Any CPU
	EndGlobalSection
	GlobalSection(ProjectConfigurationPlatforms) = postSolution
		{9CE92D55-BD70-485E-9914-2F82309E4AEF}.Debug|Any CPU.ActiveCfg = Debug|Any CPU
		{9CE92D55-BD70-485E-9914-2F82309E4AEF}.Debug|Any CPU.Build.0 = Debug|Any CPU
		{9CE92D55-BD70-485E-9914-2F82309E4AEF}.Release|Any CPU.ActiveCfg = Release|Any CPU
		{9CE92D55-BD70-485E-9914-2F82309E4AEF}.Release|Any CPU.Build.0 = Release|Any CPU
	EndGlobalSection
	GlobalSection(SolutionProperties) = preSolution
		HideSolutionNode = FALSE
	EndGlobalSection
	GlobalSection(ExtensibilityGlobals) = postSolution
		SolutionGuid = {73A2C7AF-0211-4E89-8510-85C61CAE265F}
	EndGlobalSection
EndGlobal
